
Microsoft Visual Studio Solution File, Format Version 12.00
# Visual Studio Version 17
VisualStudioVersion = 17.14.35806.103
MinimumVisualStudioVersion = 10.0.40219.1
Project("{9A19103F-16F7-4668-BE54-9A1E7A4F7556}") = "Sheas-Cealer-Nix", "Sheas-Cealer-Nix.csproj", "{662F787A-474F-41FD-B813-645CAA89E531}"
	ProjectSection(ProjectDependencies) = postProject
		{42491572-0050-4CDA-9189-DFC98BDBBF73} = {42491572-0050-4CDA-9189-DFC98BDBBF73}
		{76263DF7-E4E4-4846-8604-8CFCA7125E2F} = {76263DF7-E4E4-4846-8604-8CFCA7125E2F}
	EndProjectSection
EndProject
Project("{FAE04EC0-301F-11D3-BF4B-00C04F79EFBC}") = "Sheas-Core", "..\Sheas-Core\Sheas-Core.csproj", "{42491572-0050-4CDA-9189-DFC98BDBBF73}"
EndProject
Project("{9A19103F-16F7-4668-BE54-9A1E7A4F7556}") = "Ona-Core", "..\Ona-Core\Ona-Core.csproj", "{76263DF7-E4E4-4846-8604-8CFCA7125E2F}"
EndProject
Global
	GlobalSection(SolutionConfigurationPlatforms) = preSolution
		Debug|Any CPU = Debug|Any CPU
		Release|Any CPU = Release|Any CPU
	EndGlobalSection
	GlobalSection(ProjectConfigurationPlatforms) = postSolution
		{662F787A-474F-41FD-B813-645CAA89E531}.Debug|Any CPU.ActiveCfg = Debug|Any CPU
		{662F787A-474F-41FD-B813-645CAA89E531}.Debug|Any CPU.Build.0 = Debug|Any CPU
		{662F787A-474F-41FD-B813-645CAA89E531}.Release|Any CPU.ActiveCfg = Release|Any CPU
		{662F787A-474F-41FD-B813-645CAA89E531}.Release|Any CPU.Build.0 = Release|Any CPU
		{42491572-0050-4CDA-9189-DFC98BDBBF73}.Debug|Any CPU.ActiveCfg = Debug|Any CPU
		{42491572-0050-4CDA-9189-DFC98BDBBF73}.Debug|Any CPU.Build.0 = Debug|Any CPU
		{42491572-0050-4CDA-9189-DFC98BDBBF73}.Release|Any CPU.ActiveCfg = Release|Any CPU
		{42491572-0050-4CDA-9189-DFC98BDBBF73}.Release|Any CPU.Build.0 = Release|Any CPU
		{76263DF7-E4E4-4846-8604-8CFCA7125E2F}.Debug|Any CPU.ActiveCfg = Debug|Any CPU
		{76263DF7-E4E4-4846-8604-8CFCA7125E2F}.Debug|Any CPU.Build.0 = Debug|Any CPU
		{76263DF7-E4E4-4846-8604-8CFCA7125E2F}.Release|Any CPU.ActiveCfg = Release|Any CPU
		{76263DF7-E4E4-4846-8604-8CFCA7125E2F}.Release|Any CPU.Build.0 = Release|Any CPU
	EndGlobalSection
	GlobalSection(SolutionProperties) = preSolution
		HideSolutionNode = FALSE
	EndGlobalSection
	GlobalSection(ExtensibilityGlobals) = postSolution
		RESX_Rules = {"EnabledRules":["StringFormat","WhiteSpaceLead","WhiteSpaceTail","PunctuationLead"]}
		RESX_SortFileContentOnSave = True
		SolutionGuid = {33005A8D-2D3D-4101-AFF0-F68B29FE9B28}
		RESX_NeutralResourcesLanguage = en-US
		RESX_ConfirmAddLanguageFile = True
		RESX_AutoCreateNewLanguageFiles = True
		RESX_DuplicateKeyHandling = Fail
	EndGlobalSection
EndGlobal
